
Microsoft Visual Studio Solution File, Format Version 12.00
# Visual Studio Version 16
VisualStudioVersion = 16.0.28803.452
MinimumVisualStudioVersion = 10.0.40219.1
Project("{8BC9CEB8-8B4A-11D0-8D11-00A0C91BC942}") = "6-labs", "6-labs\6-labs.vcxproj", "{B06149CD-6A19-4832-9A9F-2A9D5FAAD0D0}"
EndProject
Global
	GlobalSection(SolutionConfigurationPlatforms) = preSolution
		Debug|x64 = Debug|x64
		Debug|x86 = Debug|x86
		Release|x64 = Release|x64
		Release|x86 = Release|x86
	EndGlobalSection
	GlobalSection(ProjectConfigurationPlatforms) = postSolution
		{B06149CD-6A19-4832-9A9F-2A9D5FAAD0D0}.Debug|x64.ActiveCfg = Debug|x64
		{B06149CD-6A19-4832-9A9F-2A9D5FAAD0D0}.Debug|x64.Build.0 = Debug|x64
		{B06149CD-6A19-4832-9A9F-2A9D5FAAD0D0}.Debug|x86.ActiveCfg = Debug|Win32
		{B06149CD-6A19-4832-9A9F-2A9D5FAAD0D0}.Debug|x86.Build.0 = Debug|Win32
		{B06149CD-6A19-4832-9A9F-2A9D5FAAD0D0}.Release|x64.ActiveCfg = Release|x64
		{B06149CD-6A19-4832-9A9F-2A9D5FAAD0D0}.Release|x64.Build.0 = Release|x64
		{B06149CD-6A19-4832-9A9F-2A9D5FAAD0D0}.Release|x86.ActiveCfg = Release|Win32
		{B06149CD-6A19-4832-9A9F-2A9D5FAAD0D0}.Release|x86.Build.0 = Release|Win32
	EndGlobalSection
	GlobalSection(SolutionProperties) = preSolution
		HideSolutionNode = FALSE
	EndGlobalSection
	GlobalSection(ExtensibilityGlobals) = postSolution
		SolutionGuid = {D65950DE-C536-4D15-88D3-1BB039558DC2}
	EndGlobalSection
EndGlobal
